
Microsoft Visual Studio Solution File, Format Version 12.00
# Visual Studio Version 16
VisualStudioVersion = 16.0.28803.352
MinimumVisualStudioVersion = 10.0.40219.1
Project("{FAE04EC0-301F-11D3-BF4B-00C04F79EFBC}") = "XamarinDemo.UWP", "XamarinDemo\XamarinDemo.UWP\XamarinDemo.UWP.csproj", "{AC3EC435-3CC7-4BCE-A8CE-3F4E4D85E2E5}"
EndProject
Project("{FAE04EC0-301F-11D3-BF4B-00C04F79EFBC}") = "XamarinDemo.Android", "XamarinDemo\XamarinDemo.Android\XamarinDemo.Android.csproj", "{9DE8F505-56A0-417A-A4C0-F6EFD0B01AB0}"
EndProject
Project("{FAE04EC0-301F-11D3-BF4B-00C04F79EFBC}") = "XamarinDemo.iOS", "XamarinDemo\XamarinDemo.iOS\XamarinDemo.iOS.csproj", "{38728D6A-F82B-41EF-9C8C-61C12B47C541}"
EndProject
Project("{9A19103F-16F7-4668-BE54-9A1E7A4F7556}") = "XamarinDemo.MobileAppService", "XamarinDemo\XamarinDemo.MobileAppService\XamarinDemo.MobileAppService.csproj", "{5B1F5DFB-3AC1-4322-85C4-F4CEB50ADD25}"
EndProject
Project("{9A19103F-16F7-4668-BE54-9A1E7A4F7556}") = "XamarinDemo", "XamarinDemo\XamarinDemo\XamarinDemo.csproj", "{6767B5AA-65B1-4481-A899-DB30C7C23F52}"
EndProject
Project("{9A19103F-16F7-4668-BE54-9A1E7A4F7556}") = "ModelaDataSharing", "ModelaDataSharing\ModelaDataSharing.csproj", "{BA066AFB-95DF-4B92-B074-844C83708666}"
EndProject
Project("{2150E333-8FDC-42A3-9474-1A3956D46DE8}") = "Solution Items", "Solution Items", "{D1879E8E-3E1B-4AC4-BD93-420E39C192A1}"
	ProjectSection(SolutionItems) = preProject
		..\README.md = ..\README.md
	EndProjectSection
EndProject
Global
	GlobalSection(SolutionConfigurationPlatforms) = preSolution
		Debug|Any CPU = Debug|Any CPU
		Debug|ARM = Debug|ARM
		Debug|iPhone = Debug|iPhone
		Debug|iPhoneSimulator = Debug|iPhoneSimulator
		Debug|x64 = Debug|x64
		Debug|x86 = Debug|x86
		Release|Any CPU = Release|Any CPU
		Release|ARM = Release|ARM
		Release|iPhone = Release|iPhone
		Release|iPhoneSimulator = Release|iPhoneSimulator
		Release|x64 = Release|x64
		Release|x86 = Release|x86
	EndGlobalSection
	GlobalSection(ProjectConfigurationPlatforms) = postSolution
		{AC3EC435-3CC7-4BCE-A8CE-3F4E4D85E2E5}.Debug|Any CPU.ActiveCfg = Debug|x86
		{AC3EC435-3CC7-4BCE-A8CE-3F4E4D85E2E5}.Debug|ARM.ActiveCfg = Debug|ARM
		{AC3EC435-3CC7-4BCE-A8CE-3F4E4D85E2E5}.Debug|ARM.Build.0 = Debug|ARM
		{AC3EC435-3CC7-4BCE-A8CE-3F4E4D85E2E5}.Debug|ARM.Deploy.0 = Debug|ARM
		{AC3EC435-3CC7-4BCE-A8CE-3F4E4D85E2E5}.Debug|iPhone.ActiveCfg = Debug|x86
		{AC3EC435-3CC7-4BCE-A8CE-3F4E4D85E2E5}.Debug|iPhone.Build.0 = Debug|x86
		{AC3EC435-3CC7-4BCE-A8CE-3F4E4D85E2E5}.Debug|iPhone.Deploy.0 = Debug|x86
		{AC3EC435-3CC7-4BCE-A8CE-3F4E4D85E2E5}.Debug|iPhoneSimulator.ActiveCfg = Debug|x86
		{AC3EC435-3CC7-4BCE-A8CE-3F4E4D85E2E5}.Debug|iPhoneSimulator.Build.0 = Debug|x86
		{AC3EC435-3CC7-4BCE-A8CE-3F4E4D85E2E5}.Debug|iPhoneSimulator.Deploy.0 = Debug|x86
		{AC3EC435-3CC7-4BCE-A8CE-3F4E4D85E2E5}.Debug|x64.ActiveCfg = Debug|x64
		{AC3EC435-3CC7-4BCE-A8CE-3F4E4D85E2E5}.Debug|x64.Build.0 = Debug|x64
		{AC3EC435-3CC7-4BCE-A8CE-3F4E4D85E2E5}.Debug|x64.Deploy.0 = Debug|x64
		{AC3EC435-3CC7-4BCE-A8CE-3F4E4D85E2E5}.Debug|x86.ActiveCfg = Debug|x86
		{AC3EC435-3CC7-4BCE-A8CE-3F4E4D85E2E5}.Debug|x86.Build.0 = Debug|x86
		{AC3EC435-3CC7-4BCE-A8CE-3F4E4D85E2E5}.Debug|x86.Deploy.0 = Debug|x86
		{AC3EC435-3CC7-4BCE-A8CE-3F4E4D85E2E5}.Release|Any CPU.ActiveCfg = Release|x86
		{AC3EC435-3CC7-4BCE-A8CE-3F4E4D85E2E5}.Release|Any CPU.Build.0 = Release|x86
		{AC3EC435-3CC7-4BCE-A8CE-3F4E4D85E2E5}.Release|Any CPU.Deploy.0 = Release|x86
		{AC3EC435-3CC7-4BCE-A8CE-3F4E4D85E2E5}.Release|ARM.ActiveCfg = Release|ARM
		{AC3EC435-3CC7-4BCE-A8CE-3F4E4D85E2E5}.Release|ARM.Build.0 = Release|ARM
		{AC3EC435-3CC7-4BCE-A8CE-3F4E4D85E2E5}.Release|ARM.Deploy.0 = Release|ARM
		{AC3EC435-3CC7-4BCE-A8CE-3F4E4D85E2E5}.Release|iPhone.ActiveCfg = Release|x86
		{AC3EC435-3CC7-4BCE-A8CE-3F4E4D85E2E5}.Release|iPhone.Build.0 = Release|x86
		{AC3EC435-3CC7-4BCE-A8CE-3F4E4D85E2E5}.Release|iPhone.Deploy.0 = Release|x86
		{AC3EC435-3CC7-4BCE-A8CE-3F4E4D85E2E5}.Release|iPhoneSimulator.ActiveCfg = Release|x86
		{AC3EC435-3CC7-4BCE-A8CE-3F4E4D85E2E5}.Release|iPhoneSimulator.Build.0 = Release|x86
		{AC3EC435-3CC7-4BCE-A8CE-3F4E4D85E2E5}.Release|iPhoneSimulator.Deploy.0 = Release|x86
		{AC3EC435-3CC7-4BCE-A8CE-3F4E4D85E2E5}.Release|x64.ActiveCfg = Release|x64
		{AC3EC435-3CC7-4BCE-A8CE-3F4E4D85E2E5}.Release|x64.Build.0 = Release|x64
		{AC3EC435-3CC7-4BCE-A8CE-3F4E4D85E2E5}.Release|x64.Deploy.0 = Release|x64
		{AC3EC435-3CC7-4BCE-A8CE-3F4E4D85E2E5}.Release|x86.ActiveCfg = Release|x86
		{AC3EC435-3CC7-4BCE-A8CE-3F4E4D85E2E5}.Release|x86.Build.0 = Release|x86
		{AC3EC435-3CC7-4BCE-A8CE-3F4E4D85E2E5}.Release|x86.Deploy.0 = Release|x86
		{9DE8F505-56A0-417A-A4C0-F6EFD0B01AB0}.Debug|Any CPU.ActiveCfg = Debug|Any CPU
		{9DE8F505-56A0-417A-A4C0-F6EFD0B01AB0}.Debug|Any CPU.Build.0 = Debug|Any CPU
		{9DE8F505-56A0-417A-A4C0-F6EFD0B01AB0}.Debug|Any CPU.Deploy.0 = Debug|Any CPU
		{9DE8F505-56A0-417A-A4C0-F6EFD0B01AB0}.Debug|ARM.ActiveCfg = Debug|Any CPU
		{9DE8F505-56A0-417A-A4C0-F6EFD0B01AB0}.Debug|ARM.Build.0 = Debug|Any CPU
		{9DE8F505-56A0-417A-A4C0-F6EFD0B01AB0}.Debug|ARM.Deploy.0 = Debug|Any CPU
		{9DE8F505-56A0-417A-A4C0-F6EFD0B01AB0}.Debug|iPhone.ActiveCfg = Debug|Any CPU
		{9DE8F505-56A0-417A-A4C0-F6EFD0B01AB0}.Debug|iPhone.Build.0 = Debug|Any CPU
		{9DE8F505-56A0-417A-A4C0-F6EFD0B01AB0}.Debug|iPhone.Deploy.0 = Debug|Any CPU
		{9DE8F505-56A0-417A-A4C0-F6EFD0B01AB0}.Debug|iPhoneSimulator.ActiveCfg = Debug|Any CPU
		{9DE8F505-56A0-417A-A4C0-F6EFD0B01AB0}.Debug|iPhoneSimulator.Build.0 = Debug|Any CPU
		{9DE8F505-56A0-417A-A4C0-F6EFD0B01AB0}.Debug|iPhoneSimulator.Deploy.0 = Debug|Any CPU
		{9DE8F505-56A0-417A-A4C0-F6EFD0B01AB0}.Debug|x64.ActiveCfg = Debug|Any CPU
		{9DE8F505-56A0-417A-A4C0-F6EFD0B01AB0}.Debug|x64.Build.0 = Debug|Any CPU
		{9DE8F505-56A0-417A-A4C0-F6EFD0B01AB0}.Debug|x64.Deploy.0 = Debug|Any CPU
		{9DE8F505-56A0-417A-A4C0-F6EFD0B01AB0}.Debug|x86.ActiveCfg = Debug|Any CPU
		{9DE8F505-56A0-417A-A4C0-F6EFD0B01AB0}.Debug|x86.Build.0 = Debug|Any CPU
		{9DE8F505-56A0-417A-A4C0-F6EFD0B01AB0}.Debug|x86.Deploy.0 = Debug|Any CPU
		{9DE8F505-56A0-417A-A4C0-F6EFD0B01AB0}.Release|Any CPU.ActiveCfg = Release|Any CPU
		{9DE8F505-56A0-417A-A4C0-F6EFD0B01AB0}.Release|Any CPU.Build.0 = Release|Any CPU
		{9DE8F505-56A0-417A-A4C0-F6EFD0B01AB0}.Release|Any CPU.Deploy.0 = Release|Any CPU
		{9DE8F505-56A0-417A-A4C0-F6EFD0B01AB0}.Release|ARM.ActiveCfg = Release|Any CPU
		{9DE8F505-56A0-417A-A4C0-F6EFD0B01AB0}.Release|ARM.Build.0 = Release|Any CPU
		{9DE8F505-56A0-417A-A4C0-F6EFD0B01AB0}.Release|ARM.Deploy.0 = Release|Any CPU
		{9DE8F505-56A0-417A-A4C0-F6EFD0B01AB0}.Release|iPhone.ActiveCfg = Release|Any CPU
		{9DE8F505-56A0-417A-A4C0-F6EFD0B01AB0}.Release|iPhone.Build.0 = Release|Any CPU
		{9DE8F505-56A0-417A-A4C0-F6EFD0B01AB0}.Release|iPhone.Deploy.0 = Release|Any CPU
		{9DE8F505-56A0-417A-A4C0-F6EFD0B01AB0}.Release|iPhoneSimulator.ActiveCfg = Release|Any CPU
		{9DE8F505-56A0-417A-A4C0-F6EFD0B01AB0}.Release|iPhoneSimulator.Build.0 = Release|Any CPU
		{9DE8F505-56A0-417A-A4C0-F6EFD0B01AB0}.Release|iPhoneSimulator.Deploy.0 = Release|Any CPU
		{9DE8F505-56A0-417A-A4C0-F6EFD0B01AB0}.Release|x64.ActiveCfg = Release|Any CPU
		{9DE8F505-56A0-417A-A4C0-F6EFD0B01AB0}.Release|x64.Build.0 = Release|Any CPU
		{9DE8F505-56A0-417A-A4C0-F6EFD0B01AB0}.Release|x64.Deploy.0 = Release|Any CPU
		{9DE8F505-56A0-417A-A4C0-F6EFD0B01AB0}.Release|x86.ActiveCfg = Release|Any CPU
		{9DE8F505-56A0-417A-A4C0-F6EFD0B01AB0}.Release|x86.Build.0 = Release|Any CPU
		{9DE8F505-56A0-417A-A4C0-F6EFD0B01AB0}.Release|x86.Deploy.0 = Release|Any CPU
		{38728D6A-F82B-41EF-9C8C-61C12B47C541}.Debug|Any CPU.ActiveCfg = Debug|iPhone
		{38728D6A-F82B-41EF-9C8C-61C12B47C541}.Debug|Any CPU.Build.0 = Debug|iPhone
		{38728D6A-F82B-41EF-9C8C-61C12B47C541}.Debug|Any CPU.Deploy.0 = Debug|iPhone
		{38728D6A-F82B-41EF-9C8C-61C12B47C541}.Debug|ARM.ActiveCfg = Debug|iPhoneSimulator
		{38728D6A-F82B-41EF-9C8C-61C12B47C541}.Debug|ARM.Build.0 = Debug|iPhoneSimulator
		{38728D6A-F82B-41EF-9C8C-61C12B47C541}.Debug|ARM.Deploy.0 = Debug|iPhoneSimulator
		{38728D6A-F82B-41EF-9C8C-61C12B47C541}.Debug|iPhone.ActiveCfg = Debug|iPhone
		{38728D6A-F82B-41EF-9C8C-61C12B47C541}.Debug|iPhone.Build.0 = Debug|iPhone
		{38728D6A-F82B-41EF-9C8C-61C12B47C541}.Debug|iPhone.Deploy.0 = Debug|iPhone
		{38728D6A-F82B-41EF-9C8C-61C12B47C541}.Debug|iPhoneSimulator.ActiveCfg = Debug|iPhoneSimulator
		{38728D6A-F82B-41EF-9C8C-61C12B47C541}.Debug|iPhoneSimulator.Build.0 = Debug|iPhoneSimulator
		{38728D6A-F82B-41EF-9C8C-61C12B47C541}.Debug|iPhoneSimulator.Deploy.0 = Debug|iPhoneSimulator
		{38728D6A-F82B-41EF-9C8C-61C12B47C541}.Debug|x64.ActiveCfg = Debug|iPhone
		{38728D6A-F82B-41EF-9C8C-61C12B47C541}.Debug|x64.Build.0 = Debug|iPhone
		{38728D6A-F82B-41EF-9C8C-61C12B47C541}.Debug|x64.Deploy.0 = Debug|iPhone
		{38728D6A-F82B-41EF-9C8C-61C12B47C541}.Debug|x86.ActiveCfg = Debug|iPhone
		{38728D6A-F82B-41EF-9C8C-61C12B47C541}.Debug|x86.Build.0 = Debug|iPhone
		{38728D6A-F82B-41EF-9C8C-61C12B47C541}.Debug|x86.Deploy.0 = Debug|iPhone
		{38728D6A-F82B-41EF-9C8C-61C12B47C541}.Release|Any CPU.ActiveCfg = Release|iPhone
		{38728D6A-F82B-41EF-9C8C-61C12B47C541}.Release|Any CPU.Build.0 = Release|iPhone
		{38728D6A-F82B-41EF-9C8C-61C12B47C541}.Release|Any CPU.Deploy.0 = Release|iPhone
		{38728D6A-F82B-41EF-9C8C-61C12B47C541}.Release|ARM.ActiveCfg = Release|iPhone
		{38728D6A-F82B-41EF-9C8C-61C12B47C541}.Release|ARM.Build.0 = Release|iPhone
		{38728D6A-F82B-41EF-9C8C-61C12B47C541}.Release|ARM.Deploy.0 = Release|iPhone
		{38728D6A-F82B-41EF-9C8C-61C12B47C541}.Release|iPhone.ActiveCfg = Release|iPhone
		{38728D6A-F82B-41EF-9C8C-61C12B47C541}.Release|iPhone.Build.0 = Release|iPhone
		{38728D6A-F82B-41EF-9C8C-61C12B47C541}.Release|iPhone.Deploy.0 = Release|iPhone
		{38728D6A-F82B-41EF-9C8C-61C12B47C541}.Release|iPhoneSimulator.ActiveCfg = Release|iPhoneSimulator
		{38728D6A-F82B-41EF-9C8C-61C12B47C541}.Release|iPhoneSimulator.Build.0 = Release|iPhoneSimulator
		{38728D6A-F82B-41EF-9C8C-61C12B47C541}.Release|iPhoneSimulator.Deploy.0 = Release|iPhoneSimulator
		{38728D6A-F82B-41EF-9C8C-61C12B47C541}.Release|x64.ActiveCfg = Release|iPhone
		{38728D6A-F82B-41EF-9C8C-61C12B47C541}.Release|x64.Build.0 = Release|iPhone
		{38728D6A-F82B-41EF-9C8C-61C12B47C541}.Release|x64.Deploy.0 = Release|iPhone
		{38728D6A-F82B-41EF-9C8C-61C12B47C541}.Release|x86.ActiveCfg = Release|iPhone
		{38728D6A-F82B-41EF-9C8C-61C12B47C541}.Release|x86.Build.0 = Release|iPhone
		{38728D6A-F82B-41EF-9C8C-61C12B47C541}.Release|x86.Deploy.0 = Release|iPhone
		{5B1F5DFB-3AC1-4322-85C4-F4CEB50ADD25}.Debug|Any CPU.ActiveCfg = Debug|Any CPU
		{5B1F5DFB-3AC1-4322-85C4-F4CEB50ADD25}.Debug|Any CPU.Build.0 = Debug|Any CPU
		{5B1F5DFB-3AC1-4322-85C4-F4CEB50ADD25}.Debug|Any CPU.Deploy.0 = Debug|Any CPU
		{5B1F5DFB-3AC1-4322-85C4-F4CEB50ADD25}.Debug|ARM.ActiveCfg = Debug|Any CPU
		{5B1F5DFB-3AC1-4322-85C4-F4CEB50ADD25}.Debug|ARM.Build.0 = Debug|Any CPU
		{5B1F5DFB-3AC1-4322-85C4-F4CEB50ADD25}.Debug|ARM.Deploy.0 = Debug|Any CPU
		{5B1F5DFB-3AC1-4322-85C4-F4CEB50ADD25}.Debug|iPhone.ActiveCfg = Debug|Any CPU
		{5B1F5DFB-3AC1-4322-85C4-F4CEB50ADD25}.Debug|iPhone.Build.0 = Debug|Any CPU
		{5B1F5DFB-3AC1-4322-85C4-F4CEB50ADD25}.Debug|iPhone.Deploy.0 = Debug|Any CPU
		{5B1F5DFB-3AC1-4322-85C4-F4CEB50ADD25}.Debug|iPhoneSimulator.ActiveCfg = Debug|Any CPU
		{5B1F5DFB-3AC1-4322-85C4-F4CEB50ADD25}.Debug|iPhoneSimulator.Build.0 = Debug|Any CPU
		{5B1F5DFB-3AC1-4322-85C4-F4CEB50ADD25}.Debug|iPhoneSimulator.Deploy.0 = Debug|Any CPU
		{5B1F5DFB-3AC1-4322-85C4-F4CEB50ADD25}.Debug|x64.ActiveCfg = Debug|Any CPU
		{5B1F5DFB-3AC1-4322-85C4-F4CEB50ADD25}.Debug|x64.Build.0 = Debug|Any CPU
		{5B1F5DFB-3AC1-4322-85C4-F4CEB50ADD25}.Debug|x64.Deploy.0 = Debug|Any CPU
		{5B1F5DFB-3AC1-4322-85C4-F4CEB50ADD25}.Debug|x86.ActiveCfg = Debug|Any CPU
		{5B1F5DFB-3AC1-4322-85C4-F4CEB50ADD25}.Debug|x86.Build.0 = Debug|Any CPU
		{5B1F5DFB-3AC1-4322-85C4-F4CEB50ADD25}.Debug|x86.Deploy.0 = Debug|Any CPU
		{5B1F5DFB-3AC1-4322-85C4-F4CEB50ADD25}.Release|Any CPU.ActiveCfg = Release|Any CPU
		{5B1F5DFB-3AC1-4322-85C4-F4CEB50ADD25}.Release|Any CPU.Build.0 = Release|Any CPU
		{5B1F5DFB-3AC1-4322-85C4-F4CEB50ADD25}.Release|Any CPU.Deploy.0 = Release|Any CPU
		{5B1F5DFB-3AC1-4322-85C4-F4CEB50ADD25}.Release|ARM.ActiveCfg = Release|Any CPU
		{5B1F5DFB-3AC1-4322-85C4-F4CEB50ADD25}.Release|ARM.Build.0 = Release|Any CPU
		{5B1F5DFB-3AC1-4322-85C4-F4CEB50ADD25}.Release|ARM.Deploy.0 = Release|Any CPU
		{5B1F5DFB-3AC1-4322-85C4-F4CEB50ADD25}.Release|iPhone.ActiveCfg = Release|Any CPU
		{5B1F5DFB-3AC1-4322-85C4-F4CEB50ADD25}.Release|iPhone.Build.0 = Release|Any CPU
		{5B1F5DFB-3AC1-4322-85C4-F4CEB50ADD25}.Release|iPhone.Deploy.0 = Release|Any CPU
		{5B1F5DFB-3AC1-4322-85C4-F4CEB50ADD25}.Release|iPhoneSimulator.ActiveCfg = Release|Any CPU
		{5B1F5DFB-3AC1-4322-85C4-F4CEB50ADD25}.Release|iPhoneSimulator.Build.0 = Release|Any CPU
		{5B1F5DFB-3AC1-4322-85C4-F4CEB50ADD25}.Release|iPhoneSimulator.Deploy.0 = Release|Any CPU
		{5B1F5DFB-3AC1-4322-85C4-F4CEB50ADD25}.Release|x64.ActiveCfg = Release|Any CPU
		{5B1F5DFB-3AC1-4322-85C4-F4CEB50ADD25}.Release|x64.Build.0 = Release|Any CPU
		{5B1F5DFB-3AC1-4322-85C4-F4CEB50ADD25}.Release|x64.Deploy.0 = Release|Any CPU
		{5B1F5DFB-3AC1-4322-85C4-F4CEB50ADD25}.Release|x86.ActiveCfg = Release|Any CPU
		{5B1F5DFB-3AC1-4322-85C4-F4CEB50ADD25}.Release|x86.Build.0 = Release|Any CPU
		{5B1F5DFB-3AC1-4322-85C4-F4CEB50ADD25}.Release|x86.Deploy.0 = Release|Any CPU
		{6767B5AA-65B1-4481-A899-DB30C7C23F52}.Debug|Any CPU.ActiveCfg = Debug|Any CPU
		{6767B5AA-65B1-4481-A899-DB30C7C23F52}.Debug|Any CPU.Build.0 = Debug|Any CPU
		{6767B5AA-65B1-4481-A899-DB30C7C23F52}.Debug|Any CPU.Deploy.0 = Debug|Any CPU
		{6767B5AA-65B1-4481-A899-DB30C7C23F52}.Debug|ARM.ActiveCfg = Debug|Any CPU
		{6767B5AA-65B1-4481-A899-DB30C7C23F52}.Debug|ARM.Build.0 = Debug|Any CPU
		{6767B5AA-65B1-4481-A899-DB30C7C23F52}.Debug|ARM.Deploy.0 = Debug|Any CPU
		{6767B5AA-65B1-4481-A899-DB30C7C23F52}.Debug|iPhone.ActiveCfg = Debug|Any CPU
		{6767B5AA-65B1-4481-A899-DB30C7C23F52}.Debug|iPhone.Build.0 = Debug|Any CPU
		{6767B5AA-65B1-4481-A899-DB30C7C23F52}.Debug|iPhone.Deploy.0 = Debug|Any CPU
		{6767B5AA-65B1-4481-A899-DB30C7C23F52}.Debug|iPhoneSimulator.ActiveCfg = Debug|Any CPU
		{6767B5AA-65B1-4481-A899-DB30C7C23F52}.Debug|iPhoneSimulator.Build.0 = Debug|Any CPU
		{6767B5AA-65B1-4481-A899-DB30C7C23F52}.Debug|iPhoneSimulator.Deploy.0 = Debug|Any CPU
		{6767B5AA-65B1-4481-A899-DB30C7C23F52}.Debug|x64.ActiveCfg = Debug|Any CPU
		{6767B5AA-65B1-4481-A899-DB30C7C23F52}.Debug|x64.Build.0 = Debug|Any CPU
		{6767B5AA-65B1-4481-A899-DB30C7C23F52}.Debug|x64.Deploy.0 = Debug|Any CPU
		{6767B5AA-65B1-4481-A899-DB30C7C23F52}.Debug|x86.ActiveCfg = Debug|Any CPU
		{6767B5AA-65B1-4481-A899-DB30C7C23F52}.Debug|x86.Build.0 = Debug|Any CPU
		{6767B5AA-65B1-4481-A899-DB30C7C23F52}.Debug|x86.Deploy.0 = Debug|Any CPU
		{6767B5AA-65B1-4481-A899-DB30C7C23F52}.Release|Any CPU.ActiveCfg = Release|Any CPU
		{6767B5AA-65B1-4481-A899-DB30C7C23F52}.Release|Any CPU.Build.0 = Release|Any CPU
		{6767B5AA-65B1-4481-A899-DB30C7C23F52}.Release|Any CPU.Deploy.0 = Release|Any CPU
		{6767B5AA-65B1-4481-A899-DB30C7C23F52}.Release|ARM.ActiveCfg = Release|Any CPU
		{6767B5AA-65B1-4481-A899-DB30C7C23F52}.Release|ARM.Build.0 = Release|Any CPU
		{6767B5AA-65B1-4481-A899-DB30C7C23F52}.Release|ARM.Deploy.0 = Release|Any CPU
		{6767B5AA-65B1-4481-A899-DB30C7C23F52}.Release|iPhone.ActiveCfg = Release|Any CPU
		{6767B5AA-65B1-4481-A899-DB30C7C23F52}.Release|iPhone.Build.0 = Release|Any CPU
		{6767B5AA-65B1-4481-A899-DB30C7C23F52}.Release|iPhone.Deploy.0 = Release|Any CPU
		{6767B5AA-65B1-4481-A899-DB30C7C23F52}.Release|iPhoneSimulator.ActiveCfg = Release|Any CPU
		{6767B5AA-65B1-4481-A899-DB30C7C23F52}.Release|iPhoneSimulator.Build.0 = Release|Any CPU
		{6767B5AA-65B1-4481-A899-DB30C7C23F52}.Release|iPhoneSimulator.Deploy.0 = Release|Any CPU
		{6767B5AA-65B1-4481-A899-DB30C7C23F52}.Release|x64.ActiveCfg = Release|Any CPU
		{6767B5AA-65B1-4481-A899-DB30C7C23F52}.Release|x64.Build.0 = Release|Any CPU
		{6767B5AA-65B1-4481-A899-DB30C7C23F52}.Release|x64.Deploy.0 = Release|Any CPU
		{6767B5AA-65B1-4481-A899-DB30C7C23F52}.Release|x86.ActiveCfg = Release|Any CPU
		{6767B5AA-65B1-4481-A899-DB30C7C23F52}.Release|x86.Build.0 = Release|Any CPU
		{6767B5AA-65B1-4481-A899-DB30C7C23F52}.Release|x86.Deploy.0 = Release|Any CPU
		{BA066AFB-95DF-4B92-B074-844C83708666}.Debug|Any CPU.ActiveCfg = Debug|Any CPU
		{BA066AFB-95DF-4B92-B074-844C83708666}.Debug|Any CPU.Build.0 = Debug|Any CPU
		{BA066AFB-95DF-4B92-B074-844C83708666}.Debug|ARM.ActiveCfg = Debug|Any CPU
		{BA066AFB-95DF-4B92-B074-844C83708666}.Debug|ARM.Build.0 = Debug|Any CPU
		{BA066AFB-95DF-4B92-B074-844C83708666}.Debug|iPhone.ActiveCfg = Debug|Any CPU
		{BA066AFB-95DF-4B92-B074-844C83708666}.Debug|iPhone.Build.0 = Debug|Any CPU
		{BA066AFB-95DF-4B92-B074-844C83708666}.Debug|iPhoneSimulator.ActiveCfg = Debug|Any CPU
		{BA066AFB-95DF-4B92-B074-844C83708666}.Debug|iPhoneSimulator.Build.0 = Debug|Any CPU
		{BA066AFB-95DF-4B92-B074-844C83708666}.Debug|x64.ActiveCfg = Debug|Any CPU
		{BA066AFB-95DF-4B92-B074-844C83708666}.Debug|x64.Build.0 = Debug|Any CPU
		{BA066AFB-95DF-4B92-B074-844C83708666}.Debug|x86.ActiveCfg = Debug|Any CPU
		{BA066AFB-95DF-4B92-B074-844C83708666}.Debug|x86.Build.0 = Debug|Any CPU
		{BA066AFB-95DF-4B92-B074-844C83708666}.Release|Any CPU.ActiveCfg = Release|Any CPU
		{BA066AFB-95DF-4B92-B074-844C83708666}.Release|Any CPU.Build.0 = Release|Any CPU
		{BA066AFB-95DF-4B92-B074-844C83708666}.Release|ARM.ActiveCfg = Release|Any CPU
		{BA066AFB-95DF-4B92-B074-844C83708666}.Release|ARM.Build.0 = Release|Any CPU
		{BA066AFB-95DF-4B92-B074-844C83708666}.Release|iPhone.ActiveCfg = Release|Any CPU
		{BA066AFB-95DF-4B92-B074-844C83708666}.Release|iPhone.Build.0 = Release|Any CPU
		{BA066AFB-95DF-4B92-B074-844C83708666}.Release|iPhoneSimulator.ActiveCfg = Release|Any CPU
		{BA066AFB-95DF-4B92-B074-844C83708666}.Release|iPhoneSimulator.Build.0 = Release|Any CPU
		{BA066AFB-95DF-4B92-B074-844C83708666}.Release|x64.ActiveCfg = Release|Any CPU
		{BA066AFB-95DF-4B92-B074-844C83708666}.Release|x64.Build.0 = Release|Any CPU
		{BA066AFB-95DF-4B92-B074-844C83708666}.Release|x86.ActiveCfg = Release|Any CPU
		{BA066AFB-95DF-4B92-B074-844C83708666}.Release|x86.Build.0 = Release|Any CPU
	EndGlobalSection
	GlobalSection(SolutionProperties) = preSolution
		HideSolutionNode = FALSE
	EndGlobalSection
	GlobalSection(ExtensibilityGlobals) = postSolution
		SolutionGuid = {FF7428A6-5629-4C5D-80CB-B46DBAFF97E9}
	EndGlobalSection
EndGlobal
