
Microsoft Visual Studio Solution File, Format Version 12.00
# Visual Studio Version 16
VisualStudioVersion = 16.0.28803.352
MinimumVisualStudioVersion = 10.0.40219.1
Project("{FAE04EC0-301F-11D3-BF4B-00C04F79EFBC}") = "CIDWebDemo", "CIDWebDemo\CIDWebDemo.csproj", "{11E4E2F0-3F1D-411F-A3D7-5AAC0C8290A8}"
EndProject
Project("{FAE04EC0-301F-11D3-BF4B-00C04F79EFBC}") = "XUnitTestProject1", "XUnitTestProject1\XUnitTestProject1.csproj", "{3BE53E85-5A29-4C51-AF87-D1BC6BCDD5A4}"
EndProject
Global
	GlobalSection(SolutionConfigurationPlatforms) = preSolution
		Debug|Any CPU = Debug|Any CPU
		Release|Any CPU = Release|Any CPU
	EndGlobalSection
	GlobalSection(ProjectConfigurationPlatforms) = postSolution
		{11E4E2F0-3F1D-411F-A3D7-5AAC0C8290A8}.Debug|Any CPU.ActiveCfg = Debug|Any CPU
		{11E4E2F0-3F1D-411F-A3D7-5AAC0C8290A8}.Debug|Any CPU.Build.0 = Debug|Any CPU
		{11E4E2F0-3F1D-411F-A3D7-5AAC0C8290A8}.Release|Any CPU.ActiveCfg = Release|Any CPU
		{11E4E2F0-3F1D-411F-A3D7-5AAC0C8290A8}.Release|Any CPU.Build.0 = Release|Any CPU
		{3BE53E85-5A29-4C51-AF87-D1BC6BCDD5A4}.Debug|Any CPU.ActiveCfg = Debug|Any CPU
		{3BE53E85-5A29-4C51-AF87-D1BC6BCDD5A4}.Debug|Any CPU.Build.0 = Debug|Any CPU
		{3BE53E85-5A29-4C51-AF87-D1BC6BCDD5A4}.Release|Any CPU.ActiveCfg = Release|Any CPU
		{3BE53E85-5A29-4C51-AF87-D1BC6BCDD5A4}.Release|Any CPU.Build.0 = Release|Any CPU
	EndGlobalSection
	GlobalSection(SolutionProperties) = preSolution
		HideSolutionNode = FALSE
	EndGlobalSection
	GlobalSection(ExtensibilityGlobals) = postSolution
		SolutionGuid = {272891BC-A7A3-4466-A6B4-9664D37946C1}
	EndGlobalSection
EndGlobal
