
Microsoft Visual Studio Solution File, Format Version 12.00
# Visual Studio Version 16
VisualStudioVersion = 16.0.28803.352
MinimumVisualStudioVersion = 10.0.40219.1
Project("{FAE04EC0-301F-11D3-BF4B-00C04F79EFBC}") = "WinFormsKlijent", "WinFormsKlijent\WinFormsKlijent.csproj", "{C27E55F4-0528-44DE-A98A-14EFDAA8A61B}"
EndProject
Project("{FAE04EC0-301F-11D3-BF4B-00C04F79EFBC}") = "MVCPattern", "MVCPattern\MVCPattern.csproj", "{2F66DC15-C1C2-4281-8D33-3F7C12984FE0}"
EndProject
Project("{2150E333-8FDC-42A3-9474-1A3956D46DE8}") = "Solution Items", "Solution Items", "{C6EC9B74-BE3D-42E9-98B4-2358CD0C6E2F}"
	ProjectSection(SolutionItems) = preProject
		README.md = README.md
	EndProjectSection
EndProject
Global
	GlobalSection(SolutionConfigurationPlatforms) = preSolution
		Debug|Any CPU = Debug|Any CPU
		Release|Any CPU = Release|Any CPU
	EndGlobalSection
	GlobalSection(ProjectConfigurationPlatforms) = postSolution
		{C27E55F4-0528-44DE-A98A-14EFDAA8A61B}.Debug|Any CPU.ActiveCfg = Debug|Any CPU
		{C27E55F4-0528-44DE-A98A-14EFDAA8A61B}.Debug|Any CPU.Build.0 = Debug|Any CPU
		{C27E55F4-0528-44DE-A98A-14EFDAA8A61B}.Release|Any CPU.ActiveCfg = Release|Any CPU
		{C27E55F4-0528-44DE-A98A-14EFDAA8A61B}.Release|Any CPU.Build.0 = Release|Any CPU
		{2F66DC15-C1C2-4281-8D33-3F7C12984FE0}.Debug|Any CPU.ActiveCfg = Debug|Any CPU
		{2F66DC15-C1C2-4281-8D33-3F7C12984FE0}.Debug|Any CPU.Build.0 = Debug|Any CPU
		{2F66DC15-C1C2-4281-8D33-3F7C12984FE0}.Release|Any CPU.ActiveCfg = Release|Any CPU
		{2F66DC15-C1C2-4281-8D33-3F7C12984FE0}.Release|Any CPU.Build.0 = Release|Any CPU
	EndGlobalSection
	GlobalSection(SolutionProperties) = preSolution
		HideSolutionNode = FALSE
	EndGlobalSection
	GlobalSection(ExtensibilityGlobals) = postSolution
		SolutionGuid = {3BD4AED9-4942-43FD-869A-E021610EA800}
	EndGlobalSection
EndGlobal
